
Microsoft Visual Studio Solution File, Format Version 12.00
# Visual Studio 15
VisualStudioVersion = 15.0.27004.2010
MinimumVisualStudioVersion = 10.0.40219.1
Project("{FAE04EC0-301F-11D3-BF4B-00C04F79EFBC}") = "TestWeb", "TestWeb\TestWeb.csproj", "{71D1688B-98EF-4AB7-B1FE-D67DE1C419D6}"
EndProject
Global
	GlobalSection(SolutionConfigurationPlatforms) = preSolution
		Debug|Any CPU = Debug|Any CPU
		Release|Any CPU = Release|Any CPU
	EndGlobalSection
	GlobalSection(ProjectConfigurationPlatforms) = postSolution
		{71D1688B-98EF-4AB7-B1FE-D67DE1C419D6}.Debug|Any CPU.ActiveCfg = Debug|Any CPU
		{71D1688B-98EF-4AB7-B1FE-D67DE1C419D6}.Debug|Any CPU.Build.0 = Debug|Any CPU
		{71D1688B-98EF-4AB7-B1FE-D67DE1C419D6}.Release|Any CPU.ActiveCfg = Release|Any CPU
		{71D1688B-98EF-4AB7-B1FE-D67DE1C419D6}.Release|Any CPU.Build.0 = Release|Any CPU
	EndGlobalSection
	GlobalSection(SolutionProperties) = preSolution
		HideSolutionNode = FALSE
	EndGlobalSection
	GlobalSection(ExtensibilityGlobals) = postSolution
		SolutionGuid = {B7498BD0-9F83-4D53-B5B4-513C5B6A74C3}
	EndGlobalSection
EndGlobal
